<?xml version="1.0" encoding="utf-8"?>
<Project ToolsVersion="4.0" xmlns="http://schemas.microsoft.com/developer/msbuild/2003">
  <ItemGroup>
    <Filter Include="Common">
      <UniqueIdentifier>e6b7db1f-6f3b-4b61-a2ca-772e928f542f</UniqueIdentifier>
    </Filter>
    <Filter Include="Assets">
      <UniqueIdentifier>bcaae759-a512-4dc6-bce9-b4d78f2470e0</UniqueIdentifier>
      <Extensions>bmp;fbx;gif;jpg;jpeg;tga;tiff;tif;png</Extensions>
    </Filter>
    <ClInclude Include="Common\StepTimer.h">
      <Filter>Common</Filter>
    </ClInclude>
    <ClInclude Include="Common\DeviceResources.h">
      <Filter>Common</Filter>
    </ClInclude>
    <ClCompile Include="Common\DeviceResources.cpp">
      <Filter>Common</Filter>
    </ClCompile>
    <Image Include="Assets\Logo.scale-100.png">
      <Filter>Assets</Filter>
    </Image>
    <Image Include="Assets\SmallLogo.scale-100.png">
      <Filter>Assets</Filter>
    </Image>
    <Image Include="Assets\StoreLogo.scale-100.png">
      <Filter>Assets</Filter>
    </Image>
    <Image Include="Assets\SplashScreen.scale-100.png">
      <Filter>Assets</Filter>
    </Image>
    <Image Include="Assets\WideLogo.scale-100.png">
      <Filter>Assets</Filter>
    </Image>
    <Filter Include="VBAM">
      <UniqueIdentifier>{d4d980f5-df06-4e41-b19e-3f76f0196b03}</UniqueIdentifier>
    </Filter>
    <Filter Include="VBAM\apu">
      <UniqueIdentifier>{da38798d-e4d9-4a6d-b466-d162e7476eb2}</UniqueIdentifier>
    </Filter>
    <Filter Include="VBAM\common">
      <UniqueIdentifier>{dec20c3a-9dd0-4a3c-90c7-bb355ad67040}</UniqueIdentifier>
    </Filter>
    <Filter Include="VBAM\gb">
      <UniqueIdentifier>{b74e5ea6-4840-4441-a063-56977c04526a}</UniqueIdentifier>
    </Filter>
    <Filter Include="VBAM\gba">
      <UniqueIdentifier>{96ff12e1-9b7a-449b-9871-661c27dcbcaa}</UniqueIdentifier>
    </Filter>
    <Filter Include="VBAM\zlib">
      <UniqueIdentifier>{f75b5fa4-c5aa-401a-aabc-749c451e171c}</UniqueIdentifier>
    </Filter>
    <Filter Include="Emulator">
      <UniqueIdentifier>{47f33fd4-0f95-4237-a4a0-3540213c56ce}</UniqueIdentifier>
    </Filter>
    <Filter Include="Controls">
      <UniqueIdentifier>{5aa54788-306c-4329-9343-78e0af927d51}</UniqueIdentifier>
    </Filter>
    <Filter Include="Database">
      <UniqueIdentifier>{e127113f-af0f-4a5b-ba6a-b82e7a446ca4}</UniqueIdentifier>
    </Filter>
  </ItemGroup>
  <ItemGroup>
    <ApplicationDefinition Include="App.xaml" />
  </ItemGroup>
  <ItemGroup>
    <ClCompile Include="App.xaml.cpp" />
    <ClCompile Include="VBA10Main.cpp" />
    <ClCompile Include="DirectXPage.xaml.cpp" />
    <ClCompile Include="pch.cpp" />
    <ClCompile Include="SampleFpsTextRenderer.cpp" />
    <ClCompile Include="VBAM\Util.cpp">
      <Filter>VBAM</Filter>
    </ClCompile>
    <ClCompile Include="VBAM\apu\Blip_Buffer.cpp">
      <Filter>VBAM\apu</Filter>
    </ClCompile>
    <ClCompile Include="VBAM\apu\Effects_Buffer.cpp">
      <Filter>VBAM\apu</Filter>
    </ClCompile>
    <ClCompile Include="VBAM\apu\Gb_Apu.cpp">
      <Filter>VBAM\apu</Filter>
    </ClCompile>
    <ClCompile Include="VBAM\apu\Gb_Apu_State.cpp">
      <Filter>VBAM\apu</Filter>
    </ClCompile>
    <ClCompile Include="VBAM\apu\Gb_Oscs.cpp">
      <Filter>VBAM\apu</Filter>
    </ClCompile>
    <ClCompile Include="VBAM\apu\Multi_Buffer.cpp">
      <Filter>VBAM\apu</Filter>
    </ClCompile>
    <ClCompile Include="VBAM\common\memgzio.c">
      <Filter>VBAM\common</Filter>
    </ClCompile>
    <ClCompile Include="VBAM\common\Patch.cpp">
      <Filter>VBAM\common</Filter>
    </ClCompile>
    <ClCompile Include="VBAM\common\XAudio2.cpp">
      <Filter>VBAM\common</Filter>
    </ClCompile>
    <ClCompile Include="VBAM\gb\GB.cpp">
      <Filter>VBAM\gb</Filter>
    </ClCompile>
    <ClCompile Include="VBAM\gb\gbCheats.cpp">
      <Filter>VBAM\gb</Filter>
    </ClCompile>
    <ClCompile Include="VBAM\gb\gbDis.cpp">
      <Filter>VBAM\gb</Filter>
    </ClCompile>
    <ClCompile Include="VBAM\gb\gbGfx.cpp">
      <Filter>VBAM\gb</Filter>
    </ClCompile>
    <ClCompile Include="VBAM\gb\gbGlobals.cpp">
      <Filter>VBAM\gb</Filter>
    </ClCompile>
    <ClCompile Include="VBAM\gb\gbMemory.cpp">
      <Filter>VBAM\gb</Filter>
    </ClCompile>
    <ClCompile Include="VBAM\gb\gbPrinter.cpp">
      <Filter>VBAM\gb</Filter>
    </ClCompile>
    <ClCompile Include="VBAM\gb\gbSGB.cpp">
      <Filter>VBAM\gb</Filter>
    </ClCompile>
    <ClCompile Include="VBAM\gb\gbSound.cpp">
      <Filter>VBAM\gb</Filter>
    </ClCompile>
    <ClCompile Include="VBAM\gba\agbprint.cpp">
      <Filter>VBAM\gba</Filter>
    </ClCompile>
    <ClCompile Include="VBAM\gba\armdis.cpp">
      <Filter>VBAM\gba</Filter>
    </ClCompile>
    <ClCompile Include="VBAM\gba\bios.cpp">
      <Filter>VBAM\gba</Filter>
    </ClCompile>
    <ClCompile Include="VBAM\gba\Cheats.cpp">
      <Filter>VBAM\gba</Filter>
    </ClCompile>
    <ClCompile Include="VBAM\gba\CheatSearch.cpp">
      <Filter>VBAM\gba</Filter>
    </ClCompile>
    <ClCompile Include="VBAM\gba\EEprom.cpp">
      <Filter>VBAM\gba</Filter>
    </ClCompile>
    <ClCompile Include="VBAM\gba\elf.cpp">
      <Filter>VBAM\gba</Filter>
    </ClCompile>
    <ClCompile Include="VBAM\gba\Flash.cpp">
      <Filter>VBAM\gba</Filter>
    </ClCompile>
    <ClCompile Include="VBAM\gba\GBA.cpp">
      <Filter>VBAM\gba</Filter>
    </ClCompile>
    <ClCompile Include="VBAM\gba\GBA-arm.cpp">
      <Filter>VBAM\gba</Filter>
    </ClCompile>
    <ClCompile Include="VBAM\gba\gbafilter.cpp">
      <Filter>VBAM\gba</Filter>
    </ClCompile>
    <ClCompile Include="VBAM\gba\GBAGfx.cpp">
      <Filter>VBAM\gba</Filter>
    </ClCompile>
    <ClCompile Include="VBAM\gba\GBALink.cpp">
      <Filter>VBAM\gba</Filter>
    </ClCompile>
    <ClCompile Include="VBAM\gba\GBASockClient.cpp">
      <Filter>VBAM\gba</Filter>
    </ClCompile>
    <ClCompile Include="VBAM\gba\GBA-thumb.cpp">
      <Filter>VBAM\gba</Filter>
    </ClCompile>
    <ClCompile Include="VBAM\gba\Globals.cpp">
      <Filter>VBAM\gba</Filter>
    </ClCompile>
    <ClCompile Include="VBAM\gba\Mode0.cpp">
      <Filter>VBAM\gba</Filter>
    </ClCompile>
    <ClCompile Include="VBAM\gba\Mode1.cpp">
      <Filter>VBAM\gba</Filter>
    </ClCompile>
    <ClCompile Include="VBAM\gba\Mode2.cpp">
      <Filter>VBAM\gba</Filter>
    </ClCompile>
    <ClCompile Include="VBAM\gba\Mode3.cpp">
      <Filter>VBAM\gba</Filter>
    </ClCompile>
    <ClCompile Include="VBAM\gba\Mode4.cpp">
      <Filter>VBAM\gba</Filter>
    </ClCompile>
    <ClCompile Include="VBAM\gba\Mode5.cpp">
      <Filter>VBAM\gba</Filter>
    </ClCompile>
    <ClCompile Include="VBAM\gba\RTC.cpp">
      <Filter>VBAM\gba</Filter>
    </ClCompile>
    <ClCompile Include="VBAM\gba\Sound.cpp">
      <Filter>VBAM\gba</Filter>
    </ClCompile>
    <ClCompile Include="VBAM\gba\Sram.cpp">
      <Filter>VBAM\gba</Filter>
    </ClCompile>
    <ClCompile Include="CheatData.cpp">
      <Filter>Emulator</Filter>
    </ClCompile>
    <ClCompile Include="ControllerInput.cpp">
      <Filter>Emulator</Filter>
    </ClCompile>
    <ClCompile Include="CXBOXController.cpp">
      <Filter>Emulator</Filter>
    </ClCompile>
    <ClCompile Include="DXSpriteBatch.cpp">
      <Filter>Emulator</Filter>
    </ClCompile>
    <ClCompile Include="Emulator.cpp">
      <Filter>Emulator</Filter>
    </ClCompile>
    <ClCompile Include="EmulatorFileHandler.cpp">
      <Filter>Emulator</Filter>
    </ClCompile>
    <ClCompile Include="EmulatorRenderer.cpp">
      <Filter>Emulator</Filter>
    </ClCompile>
    <ClCompile Include="EmulatorSettings.cpp">
      <Filter>Emulator</Filter>
    </ClCompile>
    <ClCompile Include="GameTime.cpp">
      <Filter>Emulator</Filter>
    </ClCompile>
    <ClCompile Include="KeyboardInput.cpp">
      <Filter>Emulator</Filter>
    </ClCompile>
    <ClCompile Include="Point.cpp">
      <Filter>Emulator</Filter>
    </ClCompile>
    <ClCompile Include="Rectangle.cpp">
      <Filter>Emulator</Filter>
    </ClCompile>
    <ClCompile Include="stringhelper.cpp">
      <Filter>Emulator</Filter>
    </ClCompile>
    <ClCompile Include="TextureLoader.cpp">
      <Filter>Emulator</Filter>
    </ClCompile>
    <ClCompile Include="Vector2.cpp">
      <Filter>Emulator</Filter>
    </ClCompile>
    <ClCompile Include="Vector3.cpp">
      <Filter>Emulator</Filter>
    </ClCompile>
    <ClCompile Include="Vector4.cpp">
      <Filter>Emulator</Filter>
    </ClCompile>
    <ClCompile Include="vbaFunctions.cpp">
      <Filter>Emulator</Filter>
    </ClCompile>
    <ClCompile Include="VirtualControllerInput.cpp">
      <Filter>Emulator</Filter>
    </ClCompile>
    <ClCompile Include="SelectROMPane.xaml.cpp" />
    <ClCompile Include="NavMenuListView.cpp">
      <Filter>Controls</Filter>
    </ClCompile>
    <ClCompile Include="PageHeader.xaml.cpp" />
    <ClCompile Include="SettingsPage.xaml.cpp" />
    <ClCompile Include="HelpPage.xaml.cpp" />
    <ClCompile Include="SelectStatePane.xaml.cpp" />
    <ClCompile Include="CheatPane.xaml.cpp" />
    <ClCompile Include="ExportPage.xaml.cpp" />
    <ClCompile Include="NavMenuItem.cpp">
      <Filter>Controls</Filter>
    </ClCompile>
    <ClCompile Include="Database\ROMDatabase.cpp">
      <Filter>Database</Filter>
    </ClCompile>
    <ClCompile Include="Database\Statement.cpp">
      <Filter>Database</Filter>
    </ClCompile>
    <ClCompile Include="Database\Database.cpp">
      <Filter>Database</Filter>
    </ClCompile>
    <ClCompile Include="Database\ROMDBEntry.cpp">
      <Filter>Database</Filter>
    </ClCompile>
    <ClCompile Include="ImportPage.xaml.cpp" />
  </ItemGroup>
  <ItemGroup>
    <ClInclude Include="App.xaml.h" />
    <ClInclude Include="VBA10Main.h" />
    <ClInclude Include="DirectXPage.xaml.h" />
    <ClInclude Include="pch.h" />
    <ClInclude Include="SampleFpsTextRenderer.h" />
    <ClInclude Include="VBAM\NLS.h">
      <Filter>VBAM</Filter>
    </ClInclude>
    <ClInclude Include="VBAM\System.h">
      <Filter>VBAM</Filter>
    </ClInclude>
    <ClInclude Include="VBAM\Util.h">
      <Filter>VBAM</Filter>
    </ClInclude>
    <ClInclude Include="VBAM\apu\blargg_common.h">
      <Filter>VBAM\apu</Filter>
    </ClInclude>
    <ClInclude Include="VBAM\apu\blargg_config.h">
      <Filter>VBAM\apu</Filter>
    </ClInclude>
    <ClInclude Include="VBAM\apu\blargg_source.h">
      <Filter>VBAM\apu</Filter>
    </ClInclude>
    <ClInclude Include="VBAM\apu\Blip_Buffer.h">
      <Filter>VBAM\apu</Filter>
    </ClInclude>
    <ClInclude Include="VBAM\apu\Effects_Buffer.h">
      <Filter>VBAM\apu</Filter>
    </ClInclude>
    <ClInclude Include="VBAM\apu\Gb_Apu.h">
      <Filter>VBAM\apu</Filter>
    </ClInclude>
    <ClInclude Include="VBAM\apu\Gb_Oscs.h">
      <Filter>VBAM\apu</Filter>
    </ClInclude>
    <ClInclude Include="VBAM\apu\Multi_Buffer.h">
      <Filter>VBAM\apu</Filter>
    </ClInclude>
    <ClInclude Include="VBAM\common\Array.h">
      <Filter>VBAM\common</Filter>
    </ClInclude>
    <ClInclude Include="VBAM\common\memgzio.h">
      <Filter>VBAM\common</Filter>
    </ClInclude>
    <ClInclude Include="VBAM\common\Patch.h">
      <Filter>VBAM\common</Filter>
    </ClInclude>
    <ClInclude Include="VBAM\common\Port.h">
      <Filter>VBAM\common</Filter>
    </ClInclude>
    <ClInclude Include="VBAM\common\RingBuffer.h">
      <Filter>VBAM\common</Filter>
    </ClInclude>
    <ClInclude Include="VBAM\common\SoundDriver.h">
      <Filter>VBAM\common</Filter>
    </ClInclude>
    <ClInclude Include="VBAM\common\Types.h">
      <Filter>VBAM\common</Filter>
    </ClInclude>
    <ClInclude Include="VBAM\gb\gb.h">
      <Filter>VBAM\gb</Filter>
    </ClInclude>
    <ClInclude Include="VBAM\gb\gbCheats.h">
      <Filter>VBAM\gb</Filter>
    </ClInclude>
    <ClInclude Include="VBAM\gb\gbCodes.h">
      <Filter>VBAM\gb</Filter>
    </ClInclude>
    <ClInclude Include="VBAM\gb\gbCodesCB.h">
      <Filter>VBAM\gb</Filter>
    </ClInclude>
    <ClInclude Include="VBAM\gb\gbGlobals.h">
      <Filter>VBAM\gb</Filter>
    </ClInclude>
    <ClInclude Include="VBAM\gb\gbMemory.h">
      <Filter>VBAM\gb</Filter>
    </ClInclude>
    <ClInclude Include="VBAM\gb\gbPrinter.h">
      <Filter>VBAM\gb</Filter>
    </ClInclude>
    <ClInclude Include="VBAM\gb\gbSGB.h">
      <Filter>VBAM\gb</Filter>
    </ClInclude>
    <ClInclude Include="VBAM\gb\gbSound.h">
      <Filter>VBAM\gb</Filter>
    </ClInclude>
    <ClInclude Include="VBAM\gba\agbprint.h">
      <Filter>VBAM\gba</Filter>
    </ClInclude>
    <ClInclude Include="VBAM\gba\armdis.h">
      <Filter>VBAM\gba</Filter>
    </ClInclude>
    <ClInclude Include="VBAM\gba\bios.h">
      <Filter>VBAM\gba</Filter>
    </ClInclude>
    <ClInclude Include="VBAM\gba\Cheats.h">
      <Filter>VBAM\gba</Filter>
    </ClInclude>
    <ClInclude Include="VBAM\gba\CheatSearch.h">
      <Filter>VBAM\gba</Filter>
    </ClInclude>
    <ClInclude Include="VBAM\gba\EEprom.h">
      <Filter>VBAM\gba</Filter>
    </ClInclude>
    <ClInclude Include="VBAM\gba\elf.h">
      <Filter>VBAM\gba</Filter>
    </ClInclude>
    <ClInclude Include="VBAM\gba\Flash.h">
      <Filter>VBAM\gba</Filter>
    </ClInclude>
    <ClInclude Include="VBAM\gba\GBA.h">
      <Filter>VBAM\gba</Filter>
    </ClInclude>
    <ClInclude Include="VBAM\gba\GBAcpu.h">
      <Filter>VBAM\gba</Filter>
    </ClInclude>
    <ClInclude Include="VBAM\gba\gbafilter.h">
      <Filter>VBAM\gba</Filter>
    </ClInclude>
    <ClInclude Include="VBAM\gba\GBAGfx.h">
      <Filter>VBAM\gba</Filter>
    </ClInclude>
    <ClInclude Include="VBAM\gba\GBAinline.h">
      <Filter>VBAM\gba</Filter>
    </ClInclude>
    <ClInclude Include="VBAM\gba\GBALink.h">
      <Filter>VBAM\gba</Filter>
    </ClInclude>
    <ClInclude Include="VBAM\gba\GBASockClient.h">
      <Filter>VBAM\gba</Filter>
    </ClInclude>
    <ClInclude Include="VBAM\gba\Globals.h">
      <Filter>VBAM\gba</Filter>
    </ClInclude>
    <ClInclude Include="VBAM\gba\RTC.h">
      <Filter>VBAM\gba</Filter>
    </ClInclude>
    <ClInclude Include="VBAM\gba\Sound.h">
      <Filter>VBAM\gba</Filter>
    </ClInclude>
    <ClInclude Include="VBAM\gba\Sram.h">
      <Filter>VBAM\gba</Filter>
    </ClInclude>
    <ClInclude Include="VBAM\zlib\zconf.h">
      <Filter>VBAM\zlib</Filter>
    </ClInclude>
    <ClInclude Include="VBAM\zlib\zlib.h">
      <Filter>VBAM\zlib</Filter>
    </ClInclude>
    <ClInclude Include="CheatData.h">
      <Filter>Emulator</Filter>
    </ClInclude>
    <ClInclude Include="Color.h">
      <Filter>Emulator</Filter>
    </ClInclude>
    <ClInclude Include="ControllerInput.h">
      <Filter>Emulator</Filter>
    </ClInclude>
    <ClInclude Include="CXBOXController.h">
      <Filter>Emulator</Filter>
    </ClInclude>
    <ClInclude Include="DXSpriteBatch.h">
      <Filter>Emulator</Filter>
    </ClInclude>
    <ClInclude Include="Emulator.h">
      <Filter>Emulator</Filter>
    </ClInclude>
    <ClInclude Include="EmulatorFileHandler.h">
      <Filter>Emulator</Filter>
    </ClInclude>
    <ClInclude Include="EmulatorRenderer.h">
      <Filter>Emulator</Filter>
    </ClInclude>
    <ClInclude Include="EmulatorSettings.h">
      <Filter>Emulator</Filter>
    </ClInclude>
    <ClInclude Include="GameTime.h">
      <Filter>Emulator</Filter>
    </ClInclude>
    <ClInclude Include="Input.h">
      <Filter>Emulator</Filter>
    </ClInclude>
    <ClInclude Include="KeyboardInput.h">
      <Filter>Emulator</Filter>
    </ClInclude>
    <ClInclude Include="OnResizeBuffer.h">
      <Filter>Emulator</Filter>
    </ClInclude>
    <ClInclude Include="Point.h">
      <Filter>Emulator</Filter>
    </ClInclude>
    <ClInclude Include="Rectangle.h">
      <Filter>Emulator</Filter>
    </ClInclude>
    <ClInclude Include="Size.h">
      <Filter>Emulator</Filter>
    </ClInclude>
    <ClInclude Include="stringhelper.h">
      <Filter>Emulator</Filter>
    </ClInclude>
    <ClInclude Include="TextureLoader.h">
      <Filter>Emulator</Filter>
    </ClInclude>
    <ClInclude Include="Vector2.h">
      <Filter>Emulator</Filter>
    </ClInclude>
    <ClInclude Include="Vector3.h">
      <Filter>Emulator</Filter>
    </ClInclude>
    <ClInclude Include="Vector4.h">
      <Filter>Emulator</Filter>
    </ClInclude>
    <ClInclude Include="EmulatorInput.h">
      <Filter>Emulator</Filter>
    </ClInclude>
    <ClInclude Include="virtualcontrollerinput.h">
      <Filter>Emulator</Filter>
    </ClInclude>
    <ClInclude Include="Common\DirectXHelper.h">
      <Filter>Common</Filter>
    </ClInclude>
    <ClInclude Include="SelectROMPane.xaml.h" />
    <ClInclude Include="NavMenuListView.h">
      <Filter>Controls</Filter>
    </ClInclude>
    <ClInclude Include="PageHeader.xaml.h" />
    <ClInclude Include="SettingsPage.xaml.h" />
    <ClInclude Include="HelpPage.xaml.h" />
    <ClInclude Include="SelectStatePane.xaml.h" />
    <ClInclude Include="CheatPane.xaml.h" />
    <ClInclude Include="ExportPage.xaml.h" />
    <ClInclude Include="NavMenuItem.h">
      <Filter>Controls</Filter>
    </ClInclude>
    <ClInclude Include="Database\ROMDatabase.h">
      <Filter>Database</Filter>
    </ClInclude>
    <ClInclude Include="Database\ROMDBEntry.h">
      <Filter>Database</Filter>
    </ClInclude>
    <ClInclude Include="Database\Statement.h">
      <Filter>Database</Filter>
    </ClInclude>
    <ClInclude Include="Database\Database.h">
      <Filter>Database</Filter>
    </ClInclude>
    <ClInclude Include="Database\NativeBuffer.h">
      <Filter>Database</Filter>
    </ClInclude>
    <ClInclude Include="ppltasks_extra.h" />
    <ClInclude Include="ImportPage.xaml.h" />
  </ItemGroup>
  <ItemGroup>
    <AppxManifest Include="Package.appxmanifest" />
  </ItemGroup>
  <ItemGroup>
    <None Include="VBA10_TemporaryKey.pfx" />
    <None Include="Assets\Bunny Advance (Demo).gba">
      <Filter>Assets</Filter>
    </None>
    <None Include="SpriteBatch.hlsli">
      <Filter>Emulator</Filter>
    </None>
    <None Include="Assets\vba-over.ini">
      <Filter>Assets</Filter>
    </None>
  </ItemGroup>
  <ItemGroup>
    <Page Include="DirectXPage.xaml" />
    <Page Include="SelectROMPane.xaml" />
    <Page Include="Styles.xaml" />
    <Page Include="PageHeader.xaml">
      <Filter>Controls</Filter>
    </Page>
    <Page Include="SettingsPage.xaml" />
    <Page Include="HelpPage.xaml" />
    <Page Include="SelectStatePane.xaml" />
    <Page Include="CheatPane.xaml" />
    <Page Include="ExportPage.xaml" />
    <Page Include="ImportPage.xaml" />
    <Page Include="StandardStyles.xaml" />
    <Page Include="SelectFilePane.xaml" />
  </ItemGroup>
  <ItemGroup>
    <FxCompile Include="SpriteBatch_PS.hlsl">
      <Filter>Emulator</Filter>
    </FxCompile>
    <FxCompile Include="SpriteBatch_VS.hlsl">
      <Filter>Emulator</Filter>
    </FxCompile>
  </ItemGroup>
  <ItemGroup>
    <Image Include="Assets\pad_buttons.dds">
      <Filter>Assets</Filter>
    </Image>
    <Image Include="Assets\pad_cross.dds">
      <Filter>Assets</Filter>
    </Image>
    <Image Include="Assets\pad_l_button.dds">
      <Filter>Assets</Filter>
    </Image>
    <Image Include="Assets\pad_r_button.dds">
      <Filter>Assets</Filter>
    </Image>
    <Image Include="Assets\pad_start_select.dds">
      <Filter>Assets</Filter>
    </Image>
    <Image Include="Assets\ThumbStick.dds">
      <Filter>Assets</Filter>
    </Image>
    <Image Include="Assets\ThumbStickCenter.dds">
      <Filter>Assets</Filter>
    </Image>
  </ItemGroup>
</Project>